
Microsoft Visual Studio Solution File, Format Version 12.00
# Visual Studio Version 16
VisualStudioVersion = 16.0.30523.141
MinimumVisualStudioVersion = 10.0.40219.1
Project("{888888A0-9F3D-457C-B088-3A5042F75D52}") = "Lab6py", "Lab6py.pyproj", "{48A6E31B-848D-4B4E-81F3-0BA9750B3AD1}"
EndProject
Global
	GlobalSection(SolutionConfigurationPlatforms) = preSolution
		Debug|Any CPU = Debug|Any CPU
		Release|Any CPU = Release|Any CPU
	EndGlobalSection
	GlobalSection(ProjectConfigurationPlatforms) = postSolution
		{48A6E31B-848D-4B4E-81F3-0BA9750B3AD1}.Debug|Any CPU.ActiveCfg = Debug|Any CPU
		{48A6E31B-848D-4B4E-81F3-0BA9750B3AD1}.Release|Any CPU.ActiveCfg = Release|Any CPU
	EndGlobalSection
	GlobalSection(SolutionProperties) = preSolution
		HideSolutionNode = FALSE
	EndGlobalSection
	GlobalSection(ExtensibilityGlobals) = postSolution
		SolutionGuid = {FFD1C9A2-DACF-44B8-B744-5F7CD42BF086}
	EndGlobalSection
EndGlobal
